
Microsoft Visual Studio Solution File, Format Version 12.00
# Visual Studio 15
VisualStudioVersion = 15.0.28010.2048
MinimumVisualStudioVersion = 10.0.40219.1
Project("{FAE04EC0-301F-11D3-BF4B-00C04F79EFBC}") = "tryTwain", "tryTwain.csproj", "{67C00D39-C5DE-4A6A-8448-9AD6C177F512}"
EndProject
Global
	GlobalSection(SolutionConfigurationPlatforms) = preSolution
		Debug|Any CPU = Debug|Any CPU
		Release|Any CPU = Release|Any CPU
	EndGlobalSection
	GlobalSection(ProjectConfigurationPlatforms) = postSolution
		{67C00D39-C5DE-4A6A-8448-9AD6C177F512}.Debug|Any CPU.ActiveCfg = Debug|Any CPU
		{67C00D39-C5DE-4A6A-8448-9AD6C177F512}.Debug|Any CPU.Build.0 = Debug|Any CPU
		{67C00D39-C5DE-4A6A-8448-9AD6C177F512}.Release|Any CPU.ActiveCfg = Release|Any CPU
		{67C00D39-C5DE-4A6A-8448-9AD6C177F512}.Release|Any CPU.Build.0 = Release|Any CPU
	EndGlobalSection
	GlobalSection(SolutionProperties) = preSolution
		HideSolutionNode = FALSE
	EndGlobalSection
	GlobalSection(ExtensibilityGlobals) = postSolution
		SolutionGuid = {B2BB36F1-A402-4288-974A-5D51975420F4}
	EndGlobalSection
EndGlobal
